
Microsoft Visual Studio Solution File, Format Version 11.00
# Visual Studio 2010
Project("{E24C65DC-7377-472B-9ABA-BC803B73C61A}") = "truongtin_source", "truongtin_source\", "{64872C6E-CCAD-483E-9CA8-1CC986D5B581}"
	ProjectSection(WebsiteProperties) = preProject
		TargetFrameworkMoniker = ".NETFramework,Version%3Dv3.5"
		Debug.AspNetCompiler.VirtualPath = "/truongtin_source"
		Debug.AspNetCompiler.PhysicalPath = "truongtin_source\"
		Debug.AspNetCompiler.TargetPath = "PrecompiledWeb\truongtin_source\"
		Debug.AspNetCompiler.Updateable = "true"
		Debug.AspNetCompiler.ForceOverwrite = "true"
		Debug.AspNetCompiler.FixedNames = "false"
		Debug.AspNetCompiler.Debug = "True"
		Release.AspNetCompiler.VirtualPath = "/truongtin_source"
		Release.AspNetCompiler.PhysicalPath = "truongtin_source\"
		Release.AspNetCompiler.TargetPath = "PrecompiledWeb\truongtin_source\"
		Release.AspNetCompiler.Updateable = "true"
		Release.AspNetCompiler.ForceOverwrite = "true"
		Release.AspNetCompiler.FixedNames = "false"
		Release.AspNetCompiler.Debug = "False"
		VWDPort = "1850"
	EndProjectSection
EndProject
Global
	GlobalSection(SolutionConfigurationPlatforms) = preSolution
		Debug|Any CPU = Debug|Any CPU
	EndGlobalSection
	GlobalSection(ProjectConfigurationPlatforms) = postSolution
		{64872C6E-CCAD-483E-9CA8-1CC986D5B581}.Debug|Any CPU.ActiveCfg = Debug|Any CPU
		{64872C6E-CCAD-483E-9CA8-1CC986D5B581}.Debug|Any CPU.Build.0 = Debug|Any CPU
	EndGlobalSection
	GlobalSection(SolutionProperties) = preSolution
		HideSolutionNode = FALSE
	EndGlobalSection
EndGlobal
